// !$*UTF8*$!
{
	archiveVersion = 1;
	classes = {
	};
	objectVersion = 50;
	objects = {

/* Begin PBXBuildFile section */
		8C40B17C239EDA8A00C7BCEC /* AppDelegate.swift in Sources */ = {isa = PBXBuildFile; fileRef = 8C40B17B239EDA8A00C7BCEC /* AppDelegate.swift */; };
		8C40B17E239EDA8A00C7BCEC /* SceneDelegate.swift in Sources */ = {isa = PBXBuildFile; fileRef = 8C40B17D239EDA8A00C7BCEC /* SceneDelegate.swift */; };
		8C40B180239EDA8A00C7BCEC /* ContentView.swift in Sources */ = {isa = PBXBuildFile; fileRef = 8C40B17F239EDA8A00C7BCEC /* ContentView.swift */; };
		8C40B182239EDA8B00C7BCEC /* Assets.xcassets in Resources */ = {isa = PBXBuildFile; fileRef = 8C40B181239EDA8B00C7BCEC /* Assets.xcassets */; };
		8C40B185239EDA8B00C7BCEC /* Preview Assets.xcassets in Resources */ = {isa = PBXBuildFile; fileRef = 8C40B184239EDA8B00C7BCEC /* Preview Assets.xcassets */; };
		8C40B188239EDA8B00C7BCEC /* LaunchScreen.storyboard in Resources */ = {isa = PBXBuildFile; fileRef = 8C40B186239EDA8B00C7BCEC /* LaunchScreen.storyboard */; };
		8C40B193239EDA8B00C7BCEC /* BullseyeTests.swift in Sources */ = {isa = PBXBuildFile; fileRef = 8C40B192239EDA8B00C7BCEC /* BullseyeTests.swift */; };
		8C40B19E239EDA8B00C7BCEC /* BullseyeUITests.swift in Sources */ = {isa = PBXBuildFile; fileRef = 8C40B19D239EDA8B00C7BCEC /* BullseyeUITests.swift */; };
/* End PBXBuildFile section */

/* Begin PBXContainerItemProxy section */
		8C40B18F239EDA8B00C7BCEC /* PBXContainerItemProxy */ = {
			isa = PBXContainerItemProxy;
			containerPortal = 8C40B170239EDA8A00C7BCEC /* Project object */;
			proxyType = 1;
			remoteGlobalIDString = 8C40B177239EDA8A00C7BCEC;
			remoteInfo = Bullseye;
		};
		8C40B19A239EDA8B00C7BCEC /* PBXContainerItemProxy */ = {
			isa = PBXContainerItemProxy;
			containerPortal = 8C40B170239EDA8A00C7BCEC /* Project object */;
			proxyType = 1;
			remoteGlobalIDString = 8C40B177239EDA8A00C7BCEC;
			remoteInfo = Bullseye;
		};
/* End PBXContainerItemProxy section */

/* Begin PBXFileReference section */
		8C40B178239EDA8A00C7BCEC /* Bullseye.app */ = {isa = PBXFileReference; explicitFileType = wrapper.application; includeInIndex = 0; path = Bullseye.app; sourceTree = BUILT_PRODUCTS_DIR; };
		8C40B17B239EDA8A00C7BCEC /* AppDelegate.swift */ = {isa = PBXFileReference; lastKnownFileType = sourcecode.swift; path = AppDelegate.swift; sourceTree = "<group>"; };
		8C40B17D239EDA8A00C7BCEC /* SceneDelegate.swift */ = {isa = PBXFileReference; lastKnownFileType = sourcecode.swift; path = SceneDelegate.swift; sourceTree = "<group>"; };
		8C40B17F239EDA8A00C7BCEC /* ContentView.swift */ = {isa = PBXFileReference; lastKnownFileType = sourcecode.swift; path = ContentView.swift; sourceTree = "<group>"; };
		8C40B181239EDA8B00C7BCEC /* Assets.xcassets */ = {isa = PBXFileReference; lastKnownFileType = folder.assetcatalog; path = Assets.xcassets; sourceTree = "<group>"; };
		8C40B184239EDA8B00C7BCEC /* Preview Assets.xcassets */ = {isa = PBXFileReference; lastKnownFileType = folder.assetcatalog; path = "Preview Assets.xcassets"; sourceTree = "<group>"; };
		8C40B187239EDA8B00C7BCEC /* Base */ = {isa = PBXFileReference; lastKnownFileType = file.storyboard; name = Base; path = Base.lproj/LaunchScreen.storyboard; sourceTree = "<group>"; };
		8C40B189239EDA8B00C7BCEC /* Info.plist */ = {isa = PBXFileReference; lastKnownFileType = text.plist.xml; path = Info.plist; sourceTree = "<group>"; };
		8C40B18E239EDA8B00C7BCEC /* BullseyeTests.xctest */ = {isa = PBXFileReference; explicitFileType = wrapper.cfbundle; includeInIndex = 0; path = BullseyeTests.xctest; sourceTree = BUILT_PRODUCTS_DIR; };
		8C40B192239EDA8B00C7BCEC /* BullseyeTests.swift */ = {isa = PBXFileReference; lastKnownFileType = sourcecode.swift; path = BullseyeTests.swift; sourceTree = "<group>"; };
		8C40B194239EDA8B00C7BCEC /* Info.plist */ = {isa = PBXFileReference; lastKnownFileType = text.plist.xml; path = Info.plist; sourceTree = "<group>"; };
		8C40B199239EDA8B00C7BCEC /* BullseyeUITests.xctest */ = {isa = PBXFileReference; explicitFileType = wrapper.cfbundle; includeInIndex = 0; path = BullseyeUITests.xctest; sourceTree = BUILT_PRODUCTS_DIR; };
		8C40B19D239EDA8B00C7BCEC /* BullseyeUITests.swift */ = {isa = PBXFileReference; lastKnownFileType = sourcecode.swift; path = BullseyeUITests.swift; sourceTree = "<group>"; };
		8C40B19F239EDA8B00C7BCEC /* Info.plist */ = {isa = PBXFileReference; lastKnownFileType = text.plist.xml; path = Info.plist; sourceTree = "<group>"; };
/* End PBXFileReference section */

/* Begin PBXFrameworksBuildPhase section */
		8C40B175239EDA8A00C7BCEC /* Frameworks */ = {
			isa = PBXFrameworksBuildPhase;
			buildActionMask = 2147483647;
			files = (
			);
			runOnlyForDeploymentPostprocessing = 0;
		};
		8C40B18B239EDA8B00C7BCEC /* Frameworks */ = {
			isa = PBXFrameworksBuildPhase;
			buildActionMask = 2147483647;
			files = (
			);
			runOnlyForDeploymentPostprocessing = 0;
		};
		8C40B196239EDA8B00C7BCEC /* Frameworks */ = {
			isa = PBXFrameworksBuildPhase;
			buildActionMask = 2147483647;
			files = (
			);
			runOnlyForDeploymentPostprocessing = 0;
		};
/* End PBXFrameworksBuildPhase section */

/* Begin PBXGroup section */
		8C40B16F239EDA8A00C7BCEC = {
			isa = PBXGroup;
			children = (
				8C40B17A239EDA8A00C7BCEC /* Bullseye */,
				8C40B191239EDA8B00C7BCEC /* BullseyeTests */,
				8C40B19C239EDA8B00C7BCEC /* BullseyeUITests */,
				8C40B179239EDA8A00C7BCEC /* Products */,
			);
			sourceTree = "<group>";
		};
		8C40B179239EDA8A00C7BCEC /* Products */ = {
			isa = PBXGroup;
			children = (
				8C40B178239EDA8A00C7BCEC /* Bullseye.app */,
				8C40B18E239EDA8B00C7BCEC /* BullseyeTests.xctest */,
				8C40B199239EDA8B00C7BCEC /* BullseyeUITests.xctest */,
			);
			name = Products;
			sourceTree = "<group>";
		};
		8C40B17A239EDA8A00C7BCEC /* Bullseye */ = {
			isa = PBXGroup;
			children = (
				8C40B17B239EDA8A00C7BCEC /* AppDelegate.swift */,
				8C40B17D239EDA8A00C7BCEC /* SceneDelegate.swift */,
				8C40B17F239EDA8A00C7BCEC /* ContentView.swift */,
				8C40B181239EDA8B00C7BCEC /* Assets.xcassets */,
				8C40B186239EDA8B00C7BCEC /* LaunchScreen.storyboard */,
				8C40B189239EDA8B00C7BCEC /* Info.plist */,
				8C40B183239EDA8B00C7BCEC /* Preview Content */,
			);
			path = Bullseye;
			sourceTree = "<group>";
		};
		8C40B183239EDA8B00C7BCEC /* Preview Content */ = {
			isa = PBXGroup;
			children = (
				8C40B184239EDA8B00C7BCEC /* Preview Assets.xcassets */,
			);
			path = "Preview Content";
			sourceTree = "<group>";
		};
		8C40B191239EDA8B00C7BCEC /* BullseyeTests */ = {
			isa = PBXGroup;
			children = (
				8C40B192239EDA8B00C7BCEC /* BullseyeTests.swift */,
				8C40B194239EDA8B00C7BCEC /* Info.plist */,
			);
			path = BullseyeTests;
			sourceTree = "<group>";
		};
		8C40B19C239EDA8B00C7BCEC /* BullseyeUITests */ = {
			isa = PBXGroup;
			children = (
				8C40B19D239EDA8B00C7BCEC /* BullseyeUITests.swift */,
				8C40B19F239EDA8B00C7BCEC /* Info.plist */,
			);
			path = BullseyeUITests;
			sourceTree = "<group>";
		};
/* End PBXGroup section */

/* Begin PBXNativeTarget section */
		8C40B177239EDA8A00C7BCEC /* Bullseye */ = {
			isa = PBXNativeTarget;
			buildConfigurationList = 8C40B1A2239EDA8B00C7BCEC /* Build configuration list for PBXNativeTarget "Bullseye" */;
			buildPhases = (
				8C40B174239EDA8A00C7BCEC /* Sources */,
				8C40B175239EDA8A00C7BCEC /* Frameworks */,
				8C40B176239EDA8A00C7BCEC /* Resources */,
			);
			buildRules = (
			);
			dependencies = (
			);
			name = Bullseye;
			productName = Bullseye;
			productReference = 8C40B178239EDA8A00C7BCEC /* Bullseye.app */;
			productType = "com.apple.product-type.application";
		};
		8C40B18D239EDA8B00C7BCEC /* BullseyeTests */ = {
			isa = PBXNativeTarget;
			buildConfigurationList = 8C40B1A5239EDA8B00C7BCEC /* Build configuration list for PBXNativeTarget "BullseyeTests" */;
			buildPhases = (
				8C40B18A239EDA8B00C7BCEC /* Sources */,
				8C40B18B239EDA8B00C7BCEC /* Frameworks */,
				8C40B18C239EDA8B00C7BCEC /* Resources */,
			);
			buildRules = (
			);
			dependencies = (
				8C40B190239EDA8B00C7BCEC /* PBXTargetDependency */,
			);
			name = BullseyeTests;
			productName = BullseyeTests;
			productReference = 8C40B18E239EDA8B00C7BCEC /* BullseyeTests.xctest */;
			productType = "com.apple.product-type.bundle.unit-test";
		};
		8C40B198239EDA8B00C7BCEC /* BullseyeUITests */ = {
			isa = PBXNativeTarget;
			buildConfigurationList = 8C40B1A8239EDA8B00C7BCEC /* Build configuration list for PBXNativeTarget "BullseyeUITests" */;
			buildPhases = (
				8C40B195239EDA8B00C7BCEC /* Sources */,
				8C40B196239EDA8B00C7BCEC /* Frameworks */,
				8C40B197239EDA8B00C7BCEC /* Resources */,
			);
			buildRules = (
			);
			dependencies = (
				8C40B19B239EDA8B00C7BCEC /* PBXTargetDependency */,
			);
			name = BullseyeUITests;
			productName = BullseyeUITests;
			productReference = 8C40B199239EDA8B00C7BCEC /* BullseyeUITests.xctest */;
			productType = "com.apple.product-type.bundle.ui-testing";
		};
/* End PBXNativeTarget section */

/* Begin PBXProject section */
		8C40B170239EDA8A00C7BCEC /* Project object */ = {
			isa = PBXProject;
			attributes = {
				LastSwiftUpdateCheck = 1120;
				LastUpgradeCheck = 1120;
				ORGANIZATIONNAME = "Jamie Craane";
				TargetAttributes = {
					8C40B177239EDA8A00C7BCEC = {
						CreatedOnToolsVersion = 11.2.1;
					};
					8C40B18D239EDA8B00C7BCEC = {
						CreatedOnToolsVersion = 11.2.1;
						TestTargetID = 8C40B177239EDA8A00C7BCEC;
					};
					8C40B198239EDA8B00C7BCEC = {
						CreatedOnToolsVersion = 11.2.1;
						TestTargetID = 8C40B177239EDA8A00C7BCEC;
					};
				};
			};
			buildConfigurationList = 8C40B173239EDA8A00C7BCEC /* Build configuration list for PBXProject "Bullseye" */;
			compatibilityVersion = "Xcode 9.3";
			developmentRegion = en;
			hasScannedForEncodings = 0;
			knownRegions = (
				en,
				Base,
			);
			mainGroup = 8C40B16F239EDA8A00C7BCEC;
			productRefGroup = 8C40B179239EDA8A00C7BCEC /* Products */;
			projectDirPath = "";
			projectRoot = "";
			targets = (
				8C40B177239EDA8A00C7BCEC /* Bullseye */,
				8C40B18D239EDA8B00C7BCEC /* BullseyeTests */,
				8C40B198239EDA8B00C7BCEC /* BullseyeUITests */,
			);
		};
/* End PBXProject section */

/* Begin PBXResourcesBuildPhase section */
		8C40B176239EDA8A00C7BCEC /* Resources */ = {
			isa = PBXResourcesBuildPhase;
			buildActionMask = 2147483647;
			files = (
				8C40B188239EDA8B00C7BCEC /* LaunchScreen.storyboard in Resources */,
				8C40B185239EDA8B00C7BCEC /* Preview Assets.xcassets in Resources */,
				8C40B182239EDA8B00C7BCEC /* Assets.xcassets in Resources */,
			);
			runOnlyForDeploymentPostprocessing = 0;
		};
		8C40B18C239EDA8B00C7BCEC /* Resources */ = {
			isa = PBXResourcesBuildPhase;
			buildActionMask = 2147483647;
			files = (
			);
			runOnlyForDeploymentPostprocessing = 0;
		};
		8C40B197239EDA8B00C7BCEC /* Resources */ = {
			isa = PBXResourcesBuildPhase;
			buildActionMask = 2147483647;
			files = (
			);
			runOnlyForDeploymentPostprocessing = 0;
		};
/* End PBXResourcesBuildPhase section */

/* Begin PBXSourcesBuildPhase section */
		8C40B174239EDA8A00C7BCEC /* Sources */ = {
			isa = PBXSourcesBuildPhase;
			buildActionMask = 2147483647;
			files = (
				8C40B17C239EDA8A00C7BCEC /* AppDelegate.swift in Sources */,
				8C40B17E239EDA8A00C7BCEC /* SceneDelegate.swift in Sources */,
				8C40B180239EDA8A00C7BCEC /* ContentView.swift in Sources */,
			);
			runOnlyForDeploymentPostprocessing = 0;
		};
		8C40B18A239EDA8B00C7BCEC /* Sources */ = {
			isa = PBXSourcesBuildPhase;
			buildActionMask = 2147483647;
			files = (
				8C40B193239EDA8B00C7BCEC /* BullseyeTests.swift in Sources */,
			);
			runOnlyForDeploymentPostprocessing = 0;
		};
		8C40B195239EDA8B00C7BCEC /* Sources */ = {
			isa = PBXSourcesBuildPhase;
			buildActionMask = 2147483647;
			files = (
				8C40B19E239EDA8B00C7BCEC /* BullseyeUITests.swift in Sources */,
			);
			runOnlyForDeploymentPostprocessing = 0;
		};
/* End PBXSourcesBuildPhase section */

/* Begin PBXTargetDependency section */
		8C40B190239EDA8B00C7BCEC /* PBXTargetDependency */ = {
			isa = PBXTargetDependency;
			target = 8C40B177239EDA8A00C7BCEC /* Bullseye */;
			targetProxy = 8C40B18F239EDA8B00C7BCEC /* PBXContainerItemProxy */;
		};
		8C40B19B239EDA8B00C7BCEC /* PBXTargetDependency */ = {
			isa = PBXTargetDependency;
			target = 8C40B177239EDA8A00C7BCEC /* Bullseye */;
			targetProxy = 8C40B19A239EDA8B00C7BCEC /* PBXContainerItemProxy */;
		};
/* End PBXTargetDependency section */

/* Begin PBXVariantGroup section */
		8C40B186239EDA8B00C7BCEC /* LaunchScreen.storyboard */ = {
			isa = PBXVariantGroup;
			children = (
				8C40B187239EDA8B00C7BCEC /* Base */,
			);
			name = LaunchScreen.storyboard;
			sourceTree = "<group>";
		};
/* End PBXVariantGroup section */

/* Begin XCBuildConfiguration section */
		8C40B1A0239EDA8B00C7BCEC /* Debug */ = {
			isa = XCBuildConfiguration;
			buildSettings = {
				ALWAYS_SEARCH_USER_PATHS = NO;
				CLANG_ANALYZER_NONNULL = YES;
				CLANG_ANALYZER_NUMBER_OBJECT_CONVERSION = YES_AGGRESSIVE;
				CLANG_CXX_LANGUAGE_STANDARD = "gnu++14";
				CLANG_CXX_LIBRARY = "libc++";
				CLANG_ENABLE_MODULES = YES;
				CLANG_ENABLE_OBJC_ARC = YES;
				CLANG_ENABLE_OBJC_WEAK = YES;
				CLANG_WARN_BLOCK_CAPTURE_AUTORELEASING = YES;
				CLANG_WARN_BOOL_CONVERSION = YES;
				CLANG_WARN_COMMA = YES;
				CLANG_WARN_CONSTANT_CONVERSION = YES;
				CLANG_WARN_DEPRECATED_OBJC_IMPLEMENTATIONS = YES;
				CLANG_WARN_DIRECT_OBJC_ISA_USAGE = YES_ERROR;
				CLANG_WARN_DOCUMENTATION_COMMENTS = YES;
				CLANG_WARN_EMPTY_BODY = YES;
				CLANG_WARN_ENUM_CONVERSION = YES;
				CLANG_WARN_INFINITE_RECURSION = YES;
				CLANG_WARN_INT_CONVERSION = YES;
				CLANG_WARN_NON_LITERAL_NULL_CONVERSION = YES;
				CLANG_WARN_OBJC_IMPLICIT_RETAIN_SELF = YES;
				CLANG_WARN_OBJC_LITERAL_CONVERSION = YES;
				CLANG_WARN_OBJC_ROOT_CLASS = YES_ERROR;
				CLANG_WARN_RANGE_LOOP_ANALYSIS = YES;
				CLANG_WARN_STRICT_PROTOTYPES = YES;
				CLANG_WARN_SUSPICIOUS_MOVE = YES;
				CLANG_WARN_UNGUARDED_AVAILABILITY = YES_AGGRESSIVE;
				CLANG_WARN_UNREACHABLE_CODE = YES;
				CLANG_WARN__DUPLICATE_METHOD_MATCH = YES;
				COPY_PHASE_STRIP = NO;
				DEBUG_INFORMATION_FORMAT = dwarf;
				ENABLE_STRICT_OBJC_MSGSEND = YES;
				ENABLE_TESTABILITY = YES;
				GCC_C_LANGUAGE_STANDARD = gnu11;
				GCC_DYNAMIC_NO_PIC = NO;
				GCC_NO_COMMON_BLOCKS = YES;
				GCC_OPTIMIZATION_LEVEL = 0;
				GCC_PREPROCESSOR_DEFINITIONS = (
					"DEBUG=1",
					"$(inherited)",
				);
				GCC_WARN_64_TO_32_BIT_CONVERSION = YES;
				GCC_WARN_ABOUT_RETURN_TYPE = YES_ERROR;
				GCC_WARN_UNDECLARED_SELECTOR = YES;
				GCC_WARN_UNINITIALIZED_AUTOS = YES_AGGRESSIVE;
				GCC_WARN_UNUSED_FUNCTION = YES;
				GCC_WARN_UNUSED_VARIABLE = YES;
				IPHONEOS_DEPLOYMENT_TARGET = 13.2;
				MTL_ENABLE_DEBUG_INFO = INCLUDE_SOURCE;
				MTL_FAST_MATH = YES;
				ONLY_ACTIVE_ARCH = YES;
				SDKROOT = iphoneos;
				SWIFT_ACTIVE_COMPILATION_CONDITIONS = DEBUG;
				SWIFT_OPTIMIZATION_LEVEL = "-Onone";
			};
			name = Debug;
		};
		8C40B1A1239EDA8B00C7BCEC /* Release */ = {
			isa = XCBuildConfiguration;
			buildSettings = {
				ALWAYS_SEARCH_USER_PATHS = NO;
				CLANG_ANALYZER_NONNULL = YES;
				CLANG_ANALYZER_NUMBER_OBJECT_CONVERSION = YES_AGGRESSIVE;
				CLANG_CXX_LANGUAGE_STANDARD = "gnu++14";
				CLANG_CXX_LIBRARY = "libc++";
				CLANG_ENABLE_MODULES = YES;
				CLANG_ENABLE_OBJC_ARC = YES;
				CLANG_ENABLE_OBJC_WEAK = YES;
				CLANG_WARN_BLOCK_CAPTURE_AUTORELEASING = YES;
				CLANG_WARN_BOOL_CONVERSION = YES;
				CLANG_WARN_COMMA = YES;
				CLANG_WARN_CONSTANT_CONVERSION = YES;
				CLANG_WARN_DEPRECATED_OBJC_IMPLEMENTATIONS = YES;
				CLANG_WARN_DIRECT_OBJC_ISA_USAGE = YES_ERROR;
				CLANG_WARN_DOCUMENTATION_COMMENTS = YES;
				CLANG_WARN_EMPTY_BODY = YES;
				CLANG_WARN_ENUM_CONVERSION = YES;
				CLANG_WARN_INFINITE_RECURSION = YES;
				CLANG_WARN_INT_CONVERSION = YES;
				CLANG_WARN_NON_LITERAL_NULL_CONVERSION = YES;
				CLANG_WARN_OBJC_IMPLICIT_RETAIN_SELF = YES;
				CLANG_WARN_OBJC_LITERAL_CONVERSION = YES;
				CLANG_WARN_OBJC_ROOT_CLASS = YES_ERROR;
				CLANG_WARN_RANGE_LOOP_ANALYSIS = YES;
				CLANG_WARN_STRICT_PROTOTYPES = YES;
				CLANG_WARN_SUSPICIOUS_MOVE = YES;
				CLANG_WARN_UNGUARDED_AVAILABILITY = YES_AGGRESSIVE;
				CLANG_WARN_UNREACHABLE_CODE = YES;
				CLANG_WARN__DUPLICATE_METHOD_MATCH = YES;
				COPY_PHASE_STRIP = NO;
				DEBUG_INFORMATION_FORMAT = "dwarf-with-dsym";
				ENABLE_NS_ASSERTIONS = NO;
				ENABLE_STRICT_OBJC_MSGSEND = YES;
				GCC_C_LANGUAGE_STANDARD = gnu11;
				GCC_NO_COMMON_BLOCKS = YES;
				GCC_WARN_64_TO_32_BIT_CONVERSION = YES;
				GCC_WARN_ABOUT_RETURN_TYPE = YES_ERROR;
				GCC_WARN_UNDECLARED_SELECTOR = YES;
				GCC_WARN_UNINITIALIZED_AUTOS = YES_AGGRESSIVE;
				GCC_WARN_UNUSED_FUNCTION = YES;
				GCC_WARN_UNUSED_VARIABLE = YES;
				IPHONEOS_DEPLOYMENT_TARGET = 13.2;
				MTL_ENABLE_DEBUG_INFO = NO;
				MTL_FAST_MATH = YES;
				SDKROOT = iphoneos;
				SWIFT_COMPILATION_MODE = wholemodule;
				SWIFT_OPTIMIZATION_LEVEL = "-O";
				VALIDATE_PRODUCT = YES;
			};
			name = Release;
		};
		8C40B1A3239EDA8B00C7BCEC /* Debug */ = {
			isa = XCBuildConfiguration;
			buildSettings = {
				ASSETCATALOG_COMPILER_APPICON_NAME = AppIcon;
				CODE_SIGN_STYLE = Automatic;
				DEVELOPMENT_ASSET_PATHS = "\"Bullseye/Preview Content\"";
				ENABLE_PREVIEWS = YES;
				INFOPLIST_FILE = Bullseye/Info.plist;
				LD_RUNPATH_SEARCH_PATHS = (
					"$(inherited)",
					"@executable_path/Frameworks",
				);
				PRODUCT_BUNDLE_IDENTIFIER = nl.capaxit.Bullseye;
				PRODUCT_NAME = "$(TARGET_NAME)";
				SWIFT_VERSION = 5.0;
				TARGETED_DEVICE_FAMILY = "1,2";
			};
			name = Debug;
		};
		8C40B1A4239EDA8B00C7BCEC /* Release */ = {
			isa = XCBuildConfiguration;
			buildSettings = {
				ASSETCATALOG_COMPILER_APPICON_NAME = AppIcon;
				CODE_SIGN_STYLE = Automatic;
				DEVELOPMENT_ASSET_PATHS = "\"Bullseye/Preview Content\"";
				ENABLE_PREVIEWS = YES;
				INFOPLIST_FILE = Bullseye/Info.plist;
				LD_RUNPATH_SEARCH_PATHS = (
					"$(inherited)",
					"@executable_path/Frameworks",
				);
				PRODUCT_BUNDLE_IDENTIFIER = nl.capaxit.Bullseye;
				PRODUCT_NAME = "$(TARGET_NAME)";
				SWIFT_VERSION = 5.0;
				TARGETED_DEVICE_FAMILY = "1,2";
			};
			name = Release;
		};
		8C40B1A6239EDA8B00C7BCEC /* Debug */ = {
			isa = XCBuildConfiguration;
			buildSettings = {
				ALWAYS_EMBED_SWIFT_STANDARD_LIBRARIES = YES;
				BUNDLE_LOADER = "$(TEST_HOST)";
				CODE_SIGN_STYLE = Automatic;
				INFOPLIST_FILE = BullseyeTests/Info.plist;
				IPHONEOS_DEPLOYMENT_TARGET = 13.2;
				LD_RUNPATH_SEARCH_PATHS = (
					"$(inherited)",
					"@executable_path/Frameworks",
					"@loader_path/Frameworks",
				);
				PRODUCT_BUNDLE_IDENTIFIER = nl.capaxit.BullseyeTests;
				PRODUCT_NAME = "$(TARGET_NAME)";
				SWIFT_VERSION = 5.0;
				TARGETED_DEVICE_FAMILY = "1,2";
				TEST_HOST = "$(BUILT_PRODUCTS_DIR)/Bullseye.app/Bullseye";
			};
			name = Debug;
		};
		8C40B1A7239EDA8B00C7BCEC /* Release */ = {
			isa = XCBuildConfiguration;
			buildSettings = {
				ALWAYS_EMBED_SWIFT_STANDARD_LIBRARIES = YES;
				BUNDLE_LOADER = "$(TEST_HOST)";
				CODE_SIGN_STYLE = Automatic;
				INFOPLIST_FILE = BullseyeTests/Info.plist;
				IPHONEOS_DEPLOYMENT_TARGET = 13.2;
				LD_RUNPATH_SEARCH_PATHS = (
					"$(inherited)",
					"@executable_path/Frameworks",
					"@loader_path/Frameworks",
				);
				PRODUCT_BUNDLE_IDENTIFIER = nl.capaxit.BullseyeTests;
				PRODUCT_NAME = "$(TARGET_NAME)";
				SWIFT_VERSION = 5.0;
				TARGETED_DEVICE_FAMILY = "1,2";
				TEST_HOST = "$(BUILT_PRODUCTS_DIR)/Bullseye.app/Bullseye";
			};
			name = Release;
		};
		8C40B1A9239EDA8B00C7BCEC /* Debug */ = {
			isa = XCBuildConfiguration;
			buildSettings = {
				ALWAYS_EMBED_SWIFT_STANDARD_LIBRARIES = YES;
				CODE_SIGN_STYLE = Automatic;
				INFOPLIST_FILE = BullseyeUITests/Info.plist;
				LD_RUNPATH_SEARCH_PATHS = (
					"$(inherited)",
					"@executable_path/Frameworks",
					"@loader_path/Frameworks",
				);
				PRODUCT_BUNDLE_IDENTIFIER = nl.capaxit.BullseyeUITests;
				PRODUCT_NAME = "$(TARGET_NAME)";
				SWIFT_VERSION = 5.0;
				TARGETED_DEVICE_FAMILY = "1,2";
				TEST_TARGET_NAME = Bullseye;
			};
			name = Debug;
		};
		8C40B1AA239EDA8B00C7BCEC /* Release */ = {
			isa = XCBuildConfiguration;
			buildSettings = {
				ALWAYS_EMBED_SWIFT_STANDARD_LIBRARIES = YES;
				CODE_SIGN_STYLE = Automatic;
				INFOPLIST_FILE = BullseyeUITests/Info.plist;
				LD_RUNPATH_SEARCH_PATHS = (
					"$(inherited)",
					"@executable_path/Frameworks",
					"@loader_path/Frameworks",
				);
				PRODUCT_BUNDLE_IDENTIFIER = nl.capaxit.BullseyeUITests;
				PRODUCT_NAME = "$(TARGET_NAME)";
				SWIFT_VERSION = 5.0;
				TARGETED_DEVICE_FAMILY = "1,2";
				TEST_TARGET_NAME = Bullseye;
			};
			name = Release;
		};
/* End XCBuildConfiguration section */

/* Begin XCConfigurationList section */
		8C40B173239EDA8A00C7BCEC /* Build configuration list for PBXProject "Bullseye" */ = {
			isa = XCConfigurationList;
			buildConfigurations = (
				8C40B1A0239EDA8B00C7BCEC /* Debug */,
				8C40B1A1239EDA8B00C7BCEC /* Release */,
			);
			defaultConfigurationIsVisible = 0;
			defaultConfigurationName = Release;
		};
		8C40B1A2239EDA8B00C7BCEC /* Build configuration list for PBXNativeTarget "Bullseye" */ = {
			isa = XCConfigurationList;
			buildConfigurations = (
				8C40B1A3239EDA8B00C7BCEC /* Debug */,
				8C40B1A4239EDA8B00C7BCEC /* Release */,
			);
			defaultConfigurationIsVisible = 0;
			defaultConfigurationName = Release;
		};
		8C40B1A5239EDA8B00C7BCEC /* Build configuration list for PBXNativeTarget "BullseyeTests" */ = {
			isa = XCConfigurationList;
			buildConfigurations = (
				8C40B1A6239EDA8B00C7BCEC /* Debug */,
				8C40B1A7239EDA8B00C7BCEC /* Release */,
			);
			defaultConfigurationIsVisible = 0;
			defaultConfigurationName = Release;
		};
		8C40B1A8239EDA8B00C7BCEC /* Build configuration list for PBXNativeTarget "BullseyeUITests" */ = {
			isa = XCConfigurationList;
			buildConfigurations = (
				8C40B1A9239EDA8B00C7BCEC /* Debug */,
				8C40B1AA239EDA8B00C7BCEC /* Release */,
			);
			defaultConfigurationIsVisible = 0;
			defaultConfigurationName = Release;
		};
/* End XCConfigurationList section */
	};
	rootObject = 8C40B170239EDA8A00C7BCEC /* Project object */;
}
